
Microsoft Visual Studio Solution File, Format Version 12.00
# Visual Studio Version 17
VisualStudioVersion = 17.0.31903.59
MinimumVisualStudioVersion = 10.0.40219.1
Project("{2150E333-8FDC-42A3-9474-1A3956D46DE8}") = "Budgetify", "src", "{27E85A48-CC28-431A-B3F9-5CECEAFE7C2E}"
EndProject
Project("{FAE04EC0-301F-11D3-BF4B-00C04F79EFBC}") = "Budgetify.API", "src\Budgetify.API\Budgetify.API.csproj", "{9C09C349-F69E-435D-9BC1-881A5627FB19}"
EndProject
Project("{FAE04EC0-301F-11D3-BF4B-00C04F79EFBC}") = "Budgetify.Application", "src\Budgetify.Application\Budgetify.Application.csproj", "{38011B77-5D1A-42BB-8050-7C4B2ACD9B0D}"
EndProject
Project("{FAE04EC0-301F-11D3-BF4B-00C04F79EFBC}") = "Budgetify.Domain", "src\Budgetify.Domain\Budgetify.Domain.csproj", "{B1317765-793F-472E-86A5-4DC5DF5D141D}"
EndProject
Project("{FAE04EC0-301F-11D3-BF4B-00C04F79EFBC}") = "Budgetify.Infrastructure", "src\Budgetify.Infrastructure\Budgetify.Infrastructure.csproj", "{815949A6-949E-4460-9F7F-AD6ABE34F715}"
EndProject
Global
	GlobalSection(SolutionConfigurationPlatforms) = preSolution
		Debug|Any CPU = Debug|Any CPU
		Release|Any CPU = Release|Any CPU
	EndGlobalSection
	GlobalSection(SolutionProperties) = preSolution
		HideSolutionNode = FALSE
	EndGlobalSection
	GlobalSection(ProjectConfigurationPlatforms) = postSolution
		{9C09C349-F69E-435D-9BC1-881A5627FB19}.Debug|Any CPU.ActiveCfg = Debug|Any CPU
		{9C09C349-F69E-435D-9BC1-881A5627FB19}.Debug|Any CPU.Build.0 = Debug|Any CPU
		{9C09C349-F69E-435D-9BC1-881A5627FB19}.Release|Any CPU.ActiveCfg = Release|Any CPU
		{9C09C349-F69E-435D-9BC1-881A5627FB19}.Release|Any CPU.Build.0 = Release|Any CPU
		{38011B77-5D1A-42BB-8050-7C4B2ACD9B0D}.Debug|Any CPU.ActiveCfg = Debug|Any CPU
		{38011B77-5D1A-42BB-8050-7C4B2ACD9B0D}.Debug|Any CPU.Build.0 = Debug|Any CPU
		{38011B77-5D1A-42BB-8050-7C4B2ACD9B0D}.Release|Any CPU.ActiveCfg = Release|Any CPU
		{38011B77-5D1A-42BB-8050-7C4B2ACD9B0D}.Release|Any CPU.Build.0 = Release|Any CPU
		{B1317765-793F-472E-86A5-4DC5DF5D141D}.Debug|Any CPU.ActiveCfg = Debug|Any CPU
		{B1317765-793F-472E-86A5-4DC5DF5D141D}.Debug|Any CPU.Build.0 = Debug|Any CPU
		{B1317765-793F-472E-86A5-4DC5DF5D141D}.Release|Any CPU.ActiveCfg = Release|Any CPU
		{B1317765-793F-472E-86A5-4DC5DF5D141D}.Release|Any CPU.Build.0 = Release|Any CPU
		{815949A6-949E-4460-9F7F-AD6ABE34F715}.Debug|Any CPU.ActiveCfg = Debug|Any CPU
		{815949A6-949E-4460-9F7F-AD6ABE34F715}.Debug|Any CPU.Build.0 = Debug|Any CPU
		{815949A6-949E-4460-9F7F-AD6ABE34F715}.Release|Any CPU.ActiveCfg = Release|Any CPU
		{815949A6-949E-4460-9F7F-AD6ABE34F715}.Release|Any CPU.Build.0 = Release|Any CPU
	EndGlobalSection
	GlobalSection(NestedProjects) = preSolution
		{9C09C349-F69E-435D-9BC1-881A5627FB19} = {27E85A48-CC28-431A-B3F9-5CECEAFE7C2E}
		{38011B77-5D1A-42BB-8050-7C4B2ACD9B0D} = {27E85A48-CC28-431A-B3F9-5CECEAFE7C2E}
		{B1317765-793F-472E-86A5-4DC5DF5D141D} = {27E85A48-CC28-431A-B3F9-5CECEAFE7C2E}
		{815949A6-949E-4460-9F7F-AD6ABE34F715} = {27E85A48-CC28-431A-B3F9-5CECEAFE7C2E}
	EndGlobalSection
EndGlobal
